
Microsoft Visual Studio Solution File, Format Version 12.00
# Visual Studio Version 16
VisualStudioVersion = 16.0.29920.165
MinimumVisualStudioVersion = 10.0.40219.1
Project("{FAE04EC0-301F-11D3-BF4B-00C04F79EFBC}") = "calculadoraCub", "calculadoraCub\calculadoraCub.csproj", "{B1831AB3-E251-448F-BFF3-C66652F4C2FC}"
EndProject
Global
	GlobalSection(SolutionConfigurationPlatforms) = preSolution
		Debug|Any CPU = Debug|Any CPU
		Release|Any CPU = Release|Any CPU
	EndGlobalSection
	GlobalSection(ProjectConfigurationPlatforms) = postSolution
		{B1831AB3-E251-448F-BFF3-C66652F4C2FC}.Debug|Any CPU.ActiveCfg = Debug|Any CPU
		{B1831AB3-E251-448F-BFF3-C66652F4C2FC}.Debug|Any CPU.Build.0 = Debug|Any CPU
		{B1831AB3-E251-448F-BFF3-C66652F4C2FC}.Release|Any CPU.ActiveCfg = Release|Any CPU
		{B1831AB3-E251-448F-BFF3-C66652F4C2FC}.Release|Any CPU.Build.0 = Release|Any CPU
	EndGlobalSection
	GlobalSection(SolutionProperties) = preSolution
		HideSolutionNode = FALSE
	EndGlobalSection
	GlobalSection(ExtensibilityGlobals) = postSolution
		SolutionGuid = {21454938-7DF1-4F71-91F6-E9B598FBD24E}
	EndGlobalSection
EndGlobal
